{
  "name": "mizzac-frontend",
  "version": "1.0.0",
  "lockfileVersion": 3,
  "requires": true,
  "packages": {
    "": {
      "name": "mizzac-frontend",
      "version": "1.0.0",
      "devDependencies": {
        "@tabler/core": "1.4.0",
        "@tabler/icons": "3.46.0",
        "apexcharts": "7.1.0"
      },
      "engines": {
        "node": "^20.19.0 || ^22.12.0 || >=24.0.0"
      }
    },
    "node_modules/@popperjs/core": {
      "version": "2.11.8",
      "resolved": "https://registry.npmjs.org/@popperjs/core/-/core-2.11.8.tgz",
      "integrity": "sha512-P1st0aksCrn9sGZhp8GMYwBnQsbvAWsZAX44oXNNvLHGqAOcoVxmjZiohstwQ7SqKnbR47akdNi+uleWD8+g6A==",
      "dev": true,
      "funding": {
        "type": "opencollective",
        "url": "https://opencollective.com/popperjs"
      }
    },
    "node_modules/@tabler/core": {
      "version": "1.4.0",
      "resolved": "https://registry.npmjs.org/@tabler/core/-/core-1.4.0.tgz",
      "integrity": "sha512-5BigzOlbOH9N0Is4u0rYNRCiwtnUXWO57K9zwuscygcicAa8UV9MGaS4zTgQsZEtZ9tsNANhN/YD8gCBGKYCiw==",
      "dev": true,
      "dependencies": {
        "@popperjs/core": "^2.11.8",
        "bootstrap": "5.3.7"
      },
      "engines": {
        "node": ">=20"
      },
      "funding": {
        "type": "github",
        "url": "https://github.com/sponsors/codecalm"
      }
    },
    "node_modules/@tabler/icons": {
      "version": "3.46.0",
      "resolved": "https://registry.npmjs.org/@tabler/icons/-/icons-3.46.0.tgz",
      "integrity": "sha512-f2RYFl3fzPwj5WO82x6en0dmkjefxEfOm16D1ByM6cj/McNiwOkL4VaPUoP9VVIrXAD9WnTSVFr70px703b//A==",
      "dev": true,
      "funding": {
        "type": "github",
        "url": "https://github.com/sponsors/codecalm"
      }
    },
    "node_modules/apex-commons": {
      "version": "0.5.0",
      "resolved": "https://registry.npmjs.org/apex-commons/-/apex-commons-0.5.0.tgz",
      "integrity": "sha512-xz83SgPREE1wGtoflvxjwJtcjzl5bKTz2/bDxWCZNL6QVjUNE47kMg/1Zqt0bSh6eOnmFCWlTDc3RU8o85N+wg==",
      "dev": true
    },
    "node_modules/apexcharts": {
      "version": "7.1.0",
      "resolved": "https://registry.npmjs.org/apexcharts/-/apexcharts-7.1.0.tgz",
      "integrity": "sha512-zO43jUhHBNz+riahvkVvlqYw8Zpog5KtpdVSc9PbvOiXAmPBaSSoleUtO83NktObHZ9LnNt3M4MdYx7m+aSDMw==",
      "dev": true,
      "dependencies": {
        "apex-commons": "^0.5.0"
      },
      "engines": {
        "node": "^20.19.0 || ^22.12.0 || >=24.0.0"
      }
    },
    "node_modules/bootstrap": {
      "version": "5.3.7",
      "resolved": "https://registry.npmjs.org/bootstrap/-/bootstrap-5.3.7.tgz",
      "integrity": "sha512-7KgiD8UHjfcPBHEpDNg+zGz8L3LqR3GVwqZiBRFX04a1BCArZOz1r2kjly2HQ0WokqTO0v1nF+QAt8dsW4lKlw==",
      "dev": true,
      "funding": [
        {
          "type": "github",
          "url": "https://github.com/sponsors/twbs"
        },
        {
          "type": "opencollective",
          "url": "https://opencollective.com/bootstrap"
        }
      ],
      "peerDependencies": {
        "@popperjs/core": "^2.11.8"
      }
    }
  }
}
